
Microsoft Visual Studio Solution File, Format Version 12.00
# Visual Studio 2015
Project("{FAE04EC0-301F-11D3-BF4B-00C04F79EFBC}") = "Mars Terrain.CSharp", "Mars Terrain.CSharp.csproj", "{EB9E8289-AC97-9D27-A516-46F27999A28B}"
EndProject
Project("{FAE04EC0-301F-11D3-BF4B-00C04F79EFBC}") = "Mars Terrain.CSharp.Editor", "Mars Terrain.CSharp.Editor.csproj", "{2008D658-0141-2060-DF99-0834C2190C8F}"
EndProject
Global
	GlobalSection(SolutionConfigurationPlatforms) = preSolution
		Debug|Any CPU = Debug|Any CPU
		Release|Any CPU = Release|Any CPU
	EndGlobalSection
	GlobalSection(ProjectConfigurationPlatforms) = postSolution
		{EB9E8289-AC97-9D27-A516-46F27999A28B}.Debug|Any CPU.ActiveCfg = Debug|Any CPU
		{EB9E8289-AC97-9D27-A516-46F27999A28B}.Debug|Any CPU.Build.0 = Debug|Any CPU
		{EB9E8289-AC97-9D27-A516-46F27999A28B}.Release|Any CPU.ActiveCfg = Release|Any CPU
		{EB9E8289-AC97-9D27-A516-46F27999A28B}.Release|Any CPU.Build.0 = Release|Any CPU
		{2008D658-0141-2060-DF99-0834C2190C8F}.Debug|Any CPU.ActiveCfg = Debug|Any CPU
		{2008D658-0141-2060-DF99-0834C2190C8F}.Debug|Any CPU.Build.0 = Debug|Any CPU
		{2008D658-0141-2060-DF99-0834C2190C8F}.Release|Any CPU.ActiveCfg = Release|Any CPU
		{2008D658-0141-2060-DF99-0834C2190C8F}.Release|Any CPU.Build.0 = Release|Any CPU
	EndGlobalSection
	GlobalSection(SolutionProperties) = preSolution
		HideSolutionNode = FALSE
	EndGlobalSection
EndGlobal
