Microsoft Visual Studio Solution File, Format Version 11.00
# Visual Studio 2008

Project("{5E095FA5-181C-1B12-5188-22F0253079C3}") = "SteamPhunk", "Assembly-CSharp.csproj", "{4422C6BE-E3E7-58CC-D56F-B198DDBB949A}"
EndProject
Project("{5E095FA5-181C-1B12-5188-22F0253079C3}") = "SteamPhunk", "Assembly-CSharp-Editor.csproj", "{0A3C651E-4298-54A8-7420-075715ED4653}"
EndProject
Global
	GlobalSection(SolutionConfigurationPlatforms) = preSolution
		Debug|Any CPU = Debug|Any CPU
		Release|Any CPU = Release|Any CPU
	EndGlobalSection
	GlobalSection(ProjectConfigurationPlatforms) = postSolution
		{4422C6BE-E3E7-58CC-D56F-B198DDBB949A}.Debug|Any CPU.ActiveCfg = Debug|Any CPU
		{4422C6BE-E3E7-58CC-D56F-B198DDBB949A}.Debug|Any CPU.Build.0 = Debug|Any CPU
		{4422C6BE-E3E7-58CC-D56F-B198DDBB949A}.Release|Any CPU.ActiveCfg = Release|Any CPU
		{4422C6BE-E3E7-58CC-D56F-B198DDBB949A}.Release|Any CPU.Build.0 = Release|Any CPU
		{0A3C651E-4298-54A8-7420-075715ED4653}.Debug|Any CPU.ActiveCfg = Debug|Any CPU
		{0A3C651E-4298-54A8-7420-075715ED4653}.Debug|Any CPU.Build.0 = Debug|Any CPU
		{0A3C651E-4298-54A8-7420-075715ED4653}.Release|Any CPU.ActiveCfg = Release|Any CPU
		{0A3C651E-4298-54A8-7420-075715ED4653}.Release|Any CPU.Build.0 = Release|Any CPU
	EndGlobalSection
	GlobalSection(SolutionProperties) = preSolution
		HideSolutionNode = FALSE
	EndGlobalSection
	GlobalSection(MonoDevelopProperties) = preSolution
		StartupItem = Assembly-CSharp.csproj
	EndGlobalSection
EndGlobal
